# This file is automatically @generated by Wally.
# It is not intended for manual editing.
registry = "test"

[[package]]
name = "afrai/framework-template"
version = "0.1.0"
dependencies = [["Component", "sleitnick/component@1.1.0"], ["Knit", "sleitnick/knit@1.5.3"], ["enum", "raphtalia/enum@1.0.0"], ["promise", "evaera/promise@4.0.0"], ["roact", "roblox/roact@1.4.4"], ["signal", "sleitnick/signal@1.5.0"], ["profileservice", "firebird702/profileservice@1.1.0"]]

[[package]]
name = "evaera/promise"
version = "3.2.1"
dependencies = []

[[package]]
name = "evaera/promise"
version = "4.0.0"
dependencies = []

[[package]]
name = "firebird702/profileservice"
version = "1.1.0"
dependencies = []

[[package]]
name = "raphtalia/enum"
version = "1.0.0"
dependencies = []

[[package]]
name = "roblox/roact"
version = "1.4.4"
dependencies = []

[[package]]
name = "sleitnick/comm"
version = "0.3.2"
dependencies = [["Option", "sleitnick/option@1.0.4"], ["Promise", "evaera/promise@4.0.0"], ["Signal", "sleitnick/signal@1.5.0"]]

[[package]]
name = "sleitnick/component"
version = "1.1.0"
dependencies = [["Promise", "evaera/promise@3.2.1"], ["Signal", "sleitnick/signal@1.5.0"], ["TableUtil", "sleitnick/table-util@1.2.0"], ["Trove", "sleitnick/trove@0.1.3"]]

[[package]]
name = "sleitnick/knit"
version = "1.5.3"
dependencies = [["Comm", "sleitnick/comm@0.3.2"], ["Promise", "evaera/promise@4.0.0"]]

[[package]]
name = "sleitnick/option"
version = "1.0.4"
dependencies = []

[[package]]
name = "sleitnick/signal"
version = "1.5.0"
dependencies = []

[[package]]
name = "sleitnick/table-util"
version = "1.2.0"
dependencies = []

[[package]]
name = "sleitnick/trove"
version = "0.1.3"
dependencies = []
